
Microsoft Visual Studio Solution File, Format Version 12.00
# Visual Studio Version 17
VisualStudioVersion = 17.4.33122.133
MinimumVisualStudioVersion = 10.0.40219.1
Project("{FAE04EC0-301F-11D3-BF4B-00C04F79EFBC}") = "HOSMusicLoader", "HOSMusicLoader.csproj", "{B6DC59A7-FD0E-4DEF-A9E8-EA5BC80191F1}"
EndProject
Global
	GlobalSection(SolutionConfigurationPlatforms) = preSolution
		Debug|Any CPU = Debug|Any CPU
		Release|Any CPU = Release|Any CPU
	EndGlobalSection
	GlobalSection(ProjectConfigurationPlatforms) = postSolution
		{B6DC59A7-FD0E-4DEF-A9E8-EA5BC80191F1}.Debug|Any CPU.ActiveCfg = Debug|Any CPU
		{B6DC59A7-FD0E-4DEF-A9E8-EA5BC80191F1}.Debug|Any CPU.Build.0 = Debug|Any CPU
		{B6DC59A7-FD0E-4DEF-A9E8-EA5BC80191F1}.Release|Any CPU.ActiveCfg = Release|Any CPU
		{B6DC59A7-FD0E-4DEF-A9E8-EA5BC80191F1}.Release|Any CPU.Build.0 = Release|Any CPU
	EndGlobalSection
	GlobalSection(SolutionProperties) = preSolution
		HideSolutionNode = FALSE
	EndGlobalSection
	GlobalSection(ExtensibilityGlobals) = postSolution
		SolutionGuid = {217FB9CC-58BA-4A5A-9B04-367E0027B188}
	EndGlobalSection
EndGlobal
